
Microsoft Visual Studio Solution File, Format Version 12.00
# Visual Studio Version 17
VisualStudioVersion = 17.4.33122.133
MinimumVisualStudioVersion = 10.0.40219.1
Project("{9A19103F-16F7-4668-BE54-9A1E7A4F7556}") = "multi threadings", "multi threadings\multi threadings.csproj", "{D536D597-089F-43B6-8063-3B9CD4A34DEA}"
EndProject
Project("{9A19103F-16F7-4668-BE54-9A1E7A4F7556}") = "Sam.Application", "Sam.Application\Sam.Application.csproj", "{D611EB97-37C3-4347-9647-A1466C2DB840}"
EndProject
Project("{9A19103F-16F7-4668-BE54-9A1E7A4F7556}") = "Sam.Domain", "Sam.Domain\Sam.Domain.csproj", "{8759E31A-F48A-4616-9394-8811F6718CF6}"
EndProject
Project("{9A19103F-16F7-4668-BE54-9A1E7A4F7556}") = "Sam.Infrastructure", "Sam.Infrastructure\Sam.Infrastructure.csproj", "{37E926DB-CF33-4D75-97FF-C7C65E0FB305}"
EndProject
Project("{9A19103F-16F7-4668-BE54-9A1E7A4F7556}") = "Api.Catalog", "Api.Catalog\Api.Catalog.csproj", "{46913595-3010-450B-9ABB-42A0596AA480}"
EndProject
Project("{9A19103F-16F7-4668-BE54-9A1E7A4F7556}") = "Api.Gateway", "Api.Gateway\Api.Gateway.csproj", "{C699296B-34EA-47D1-8051-25B47C2030FD}"
EndProject
Project("{2150E333-8FDC-42A3-9474-1A3956D46DE8}") = "Tests", "Tests", "{3680DBE6-FE3F-4885-81D1-19A2F27B10A7}"
EndProject
Project("{9A19103F-16F7-4668-BE54-9A1E7A4F7556}") = "Pos.Application.Tests", "Pos.Application.Tests\Pos.Application.Tests.csproj", "{7C5FA199-1E02-4339-9EF3-224172D1BA5B}"
EndProject
Project("{2150E333-8FDC-42A3-9474-1A3956D46DE8}") = "Libs", "Libs", "{68548648-1895-4671-A69B-3FC3BCB33450}"
EndProject
Project("{2150E333-8FDC-42A3-9474-1A3956D46DE8}") = "Apis", "Apis", "{EE39C114-0F17-45AA-8FD4-F796AF10059E}"
EndProject
Project("{9A19103F-16F7-4668-BE54-9A1E7A4F7556}") = "Pos.Identity", "Pos.Identity\Pos.Identity.csproj", "{5A301E3D-29DB-4FDF-9768-18A3806FD8A3}"
EndProject
Global
	GlobalSection(SolutionConfigurationPlatforms) = preSolution
		Debug|Any CPU = Debug|Any CPU
		Release|Any CPU = Release|Any CPU
	EndGlobalSection
	GlobalSection(ProjectConfigurationPlatforms) = postSolution
		{D536D597-089F-43B6-8063-3B9CD4A34DEA}.Debug|Any CPU.ActiveCfg = Debug|Any CPU
		{D536D597-089F-43B6-8063-3B9CD4A34DEA}.Debug|Any CPU.Build.0 = Debug|Any CPU
		{D536D597-089F-43B6-8063-3B9CD4A34DEA}.Release|Any CPU.ActiveCfg = Release|Any CPU
		{D536D597-089F-43B6-8063-3B9CD4A34DEA}.Release|Any CPU.Build.0 = Release|Any CPU
		{D611EB97-37C3-4347-9647-A1466C2DB840}.Debug|Any CPU.ActiveCfg = Debug|Any CPU
		{D611EB97-37C3-4347-9647-A1466C2DB840}.Debug|Any CPU.Build.0 = Debug|Any CPU
		{D611EB97-37C3-4347-9647-A1466C2DB840}.Release|Any CPU.ActiveCfg = Release|Any CPU
		{D611EB97-37C3-4347-9647-A1466C2DB840}.Release|Any CPU.Build.0 = Release|Any CPU
		{8759E31A-F48A-4616-9394-8811F6718CF6}.Debug|Any CPU.ActiveCfg = Debug|Any CPU
		{8759E31A-F48A-4616-9394-8811F6718CF6}.Debug|Any CPU.Build.0 = Debug|Any CPU
		{8759E31A-F48A-4616-9394-8811F6718CF6}.Release|Any CPU.ActiveCfg = Release|Any CPU
		{8759E31A-F48A-4616-9394-8811F6718CF6}.Release|Any CPU.Build.0 = Release|Any CPU
		{37E926DB-CF33-4D75-97FF-C7C65E0FB305}.Debug|Any CPU.ActiveCfg = Debug|Any CPU
		{37E926DB-CF33-4D75-97FF-C7C65E0FB305}.Debug|Any CPU.Build.0 = Debug|Any CPU
		{37E926DB-CF33-4D75-97FF-C7C65E0FB305}.Release|Any CPU.ActiveCfg = Release|Any CPU
		{37E926DB-CF33-4D75-97FF-C7C65E0FB305}.Release|Any CPU.Build.0 = Release|Any CPU
		{46913595-3010-450B-9ABB-42A0596AA480}.Debug|Any CPU.ActiveCfg = Debug|Any CPU
		{46913595-3010-450B-9ABB-42A0596AA480}.Debug|Any CPU.Build.0 = Debug|Any CPU
		{46913595-3010-450B-9ABB-42A0596AA480}.Release|Any CPU.ActiveCfg = Release|Any CPU
		{46913595-3010-450B-9ABB-42A0596AA480}.Release|Any CPU.Build.0 = Release|Any CPU
		{C699296B-34EA-47D1-8051-25B47C2030FD}.Debug|Any CPU.ActiveCfg = Debug|Any CPU
		{C699296B-34EA-47D1-8051-25B47C2030FD}.Debug|Any CPU.Build.0 = Debug|Any CPU
		{C699296B-34EA-47D1-8051-25B47C2030FD}.Release|Any CPU.ActiveCfg = Release|Any CPU
		{C699296B-34EA-47D1-8051-25B47C2030FD}.Release|Any CPU.Build.0 = Release|Any CPU
		{7C5FA199-1E02-4339-9EF3-224172D1BA5B}.Debug|Any CPU.ActiveCfg = Debug|Any CPU
		{7C5FA199-1E02-4339-9EF3-224172D1BA5B}.Debug|Any CPU.Build.0 = Debug|Any CPU
		{7C5FA199-1E02-4339-9EF3-224172D1BA5B}.Release|Any CPU.ActiveCfg = Release|Any CPU
		{7C5FA199-1E02-4339-9EF3-224172D1BA5B}.Release|Any CPU.Build.0 = Release|Any CPU
		{5A301E3D-29DB-4FDF-9768-18A3806FD8A3}.Debug|Any CPU.ActiveCfg = Debug|Any CPU
		{5A301E3D-29DB-4FDF-9768-18A3806FD8A3}.Debug|Any CPU.Build.0 = Debug|Any CPU
		{5A301E3D-29DB-4FDF-9768-18A3806FD8A3}.Release|Any CPU.ActiveCfg = Release|Any CPU
		{5A301E3D-29DB-4FDF-9768-18A3806FD8A3}.Release|Any CPU.Build.0 = Release|Any CPU
	EndGlobalSection
	GlobalSection(SolutionProperties) = preSolution
		HideSolutionNode = FALSE
	EndGlobalSection
	GlobalSection(NestedProjects) = preSolution
		{D536D597-089F-43B6-8063-3B9CD4A34DEA} = {EE39C114-0F17-45AA-8FD4-F796AF10059E}
		{D611EB97-37C3-4347-9647-A1466C2DB840} = {68548648-1895-4671-A69B-3FC3BCB33450}
		{8759E31A-F48A-4616-9394-8811F6718CF6} = {68548648-1895-4671-A69B-3FC3BCB33450}
		{37E926DB-CF33-4D75-97FF-C7C65E0FB305} = {68548648-1895-4671-A69B-3FC3BCB33450}
		{46913595-3010-450B-9ABB-42A0596AA480} = {EE39C114-0F17-45AA-8FD4-F796AF10059E}
		{C699296B-34EA-47D1-8051-25B47C2030FD} = {EE39C114-0F17-45AA-8FD4-F796AF10059E}
		{7C5FA199-1E02-4339-9EF3-224172D1BA5B} = {3680DBE6-FE3F-4885-81D1-19A2F27B10A7}
		{5A301E3D-29DB-4FDF-9768-18A3806FD8A3} = {EE39C114-0F17-45AA-8FD4-F796AF10059E}
	EndGlobalSection
	GlobalSection(ExtensibilityGlobals) = postSolution
		SolutionGuid = {4E9C6099-9AE2-4072-8251-D447766DAE2B}
	EndGlobalSection
EndGlobal
