
Microsoft Visual Studio Solution File, Format Version 12.00
# Visual Studio Version 17
VisualStudioVersion = 17.4.33122.133
MinimumVisualStudioVersion = 10.0.40219.1
Project("{2150E333-8FDC-42A3-9474-1A3956D46DE8}") = "Prototyping", "Prototyping", "{41F328D4-45F7-48C6-92DB-836FF2285478}"
EndProject
Project("{2150E333-8FDC-42A3-9474-1A3956D46DE8}") = "Catalog", "Catalog", "{B90E83E2-F0C5-480D-9A56-545625AF7C03}"
EndProject
Project("{2150E333-8FDC-42A3-9474-1A3956D46DE8}") = "Basket", "Basket", "{5AE7AA70-D6EE-4BCA-B828-4A760BF9EC75}"
EndProject
Project("{9A19103F-16F7-4668-BE54-9A1E7A4F7556}") = "Catalog.Infrastructure", "Catalog\Catalog.Infrastructure\Catalog.Infrastructure.csproj", "{53C53C0F-15DE-4411-92D0-092DF2D2BC94}"
EndProject
Project("{9A19103F-16F7-4668-BE54-9A1E7A4F7556}") = "Catalog.Domain", "Catalog\Catalog.Domain\Catalog.Domain.csproj", "{59F2A1BB-FC41-41D0-946F-886755B2CF34}"
EndProject
Project("{9A19103F-16F7-4668-BE54-9A1E7A4F7556}") = "Catalog.Application", "Catalog\Catalog.Application\Catalog.Application.csproj", "{01A5D0C7-1619-4B15-B5B9-2F1E79FF1EA4}"
EndProject
Project("{9A19103F-16F7-4668-BE54-9A1E7A4F7556}") = "Catalog.Api", "Catalog\Catalog.Api\Catalog.Api.csproj", "{EA887A9F-D4F5-41E8-AF1A-7BE0B73DE18F}"
EndProject
Project("{9A19103F-16F7-4668-BE54-9A1E7A4F7556}") = "Catalog.Api.FunctionalTests", "Catalog\Catalog.Api.FunctionalTests\Catalog.Api.FunctionalTests.csproj", "{9435611A-74E2-4B8D-A68B-EADBC202FEE3}"
EndProject
Project("{9A19103F-16F7-4668-BE54-9A1E7A4F7556}") = "Playground.Api", "Prototyping\Playground.Api\Playground.Api.csproj", "{68AC9163-8F02-48B9-AF55-3353C75CC6AD}"
EndProject
Global
	GlobalSection(SolutionConfigurationPlatforms) = preSolution
		Debug|Any CPU = Debug|Any CPU
		Release|Any CPU = Release|Any CPU
	EndGlobalSection
	GlobalSection(ProjectConfigurationPlatforms) = postSolution
		{53C53C0F-15DE-4411-92D0-092DF2D2BC94}.Debug|Any CPU.ActiveCfg = Debug|Any CPU
		{53C53C0F-15DE-4411-92D0-092DF2D2BC94}.Debug|Any CPU.Build.0 = Debug|Any CPU
		{53C53C0F-15DE-4411-92D0-092DF2D2BC94}.Release|Any CPU.ActiveCfg = Release|Any CPU
		{53C53C0F-15DE-4411-92D0-092DF2D2BC94}.Release|Any CPU.Build.0 = Release|Any CPU
		{59F2A1BB-FC41-41D0-946F-886755B2CF34}.Debug|Any CPU.ActiveCfg = Debug|Any CPU
		{59F2A1BB-FC41-41D0-946F-886755B2CF34}.Debug|Any CPU.Build.0 = Debug|Any CPU
		{59F2A1BB-FC41-41D0-946F-886755B2CF34}.Release|Any CPU.ActiveCfg = Release|Any CPU
		{59F2A1BB-FC41-41D0-946F-886755B2CF34}.Release|Any CPU.Build.0 = Release|Any CPU
		{01A5D0C7-1619-4B15-B5B9-2F1E79FF1EA4}.Debug|Any CPU.ActiveCfg = Debug|Any CPU
		{01A5D0C7-1619-4B15-B5B9-2F1E79FF1EA4}.Debug|Any CPU.Build.0 = Debug|Any CPU
		{01A5D0C7-1619-4B15-B5B9-2F1E79FF1EA4}.Release|Any CPU.ActiveCfg = Release|Any CPU
		{01A5D0C7-1619-4B15-B5B9-2F1E79FF1EA4}.Release|Any CPU.Build.0 = Release|Any CPU
		{EA887A9F-D4F5-41E8-AF1A-7BE0B73DE18F}.Debug|Any CPU.ActiveCfg = Debug|Any CPU
		{EA887A9F-D4F5-41E8-AF1A-7BE0B73DE18F}.Debug|Any CPU.Build.0 = Debug|Any CPU
		{EA887A9F-D4F5-41E8-AF1A-7BE0B73DE18F}.Release|Any CPU.ActiveCfg = Release|Any CPU
		{EA887A9F-D4F5-41E8-AF1A-7BE0B73DE18F}.Release|Any CPU.Build.0 = Release|Any CPU
		{9435611A-74E2-4B8D-A68B-EADBC202FEE3}.Debug|Any CPU.ActiveCfg = Debug|Any CPU
		{9435611A-74E2-4B8D-A68B-EADBC202FEE3}.Debug|Any CPU.Build.0 = Debug|Any CPU
		{9435611A-74E2-4B8D-A68B-EADBC202FEE3}.Release|Any CPU.ActiveCfg = Release|Any CPU
		{9435611A-74E2-4B8D-A68B-EADBC202FEE3}.Release|Any CPU.Build.0 = Release|Any CPU
		{68AC9163-8F02-48B9-AF55-3353C75CC6AD}.Debug|Any CPU.ActiveCfg = Debug|Any CPU
		{68AC9163-8F02-48B9-AF55-3353C75CC6AD}.Debug|Any CPU.Build.0 = Debug|Any CPU
		{68AC9163-8F02-48B9-AF55-3353C75CC6AD}.Release|Any CPU.ActiveCfg = Release|Any CPU
		{68AC9163-8F02-48B9-AF55-3353C75CC6AD}.Release|Any CPU.Build.0 = Release|Any CPU
	EndGlobalSection
	GlobalSection(SolutionProperties) = preSolution
		HideSolutionNode = FALSE
	EndGlobalSection
	GlobalSection(NestedProjects) = preSolution
		{53C53C0F-15DE-4411-92D0-092DF2D2BC94} = {B90E83E2-F0C5-480D-9A56-545625AF7C03}
		{59F2A1BB-FC41-41D0-946F-886755B2CF34} = {B90E83E2-F0C5-480D-9A56-545625AF7C03}
		{01A5D0C7-1619-4B15-B5B9-2F1E79FF1EA4} = {B90E83E2-F0C5-480D-9A56-545625AF7C03}
		{EA887A9F-D4F5-41E8-AF1A-7BE0B73DE18F} = {B90E83E2-F0C5-480D-9A56-545625AF7C03}
		{9435611A-74E2-4B8D-A68B-EADBC202FEE3} = {B90E83E2-F0C5-480D-9A56-545625AF7C03}
		{68AC9163-8F02-48B9-AF55-3353C75CC6AD} = {41F328D4-45F7-48C6-92DB-836FF2285478}
	EndGlobalSection
	GlobalSection(ExtensibilityGlobals) = postSolution
		SolutionGuid = {4E9C6099-9AE2-4072-8251-D447766DAE2B}
	EndGlobalSection
EndGlobal
