
Microsoft Visual Studio Solution File, Format Version 12.00
# Visual Studio Version 17
VisualStudioVersion = 17.4.33122.133
MinimumVisualStudioVersion = 10.0.40219.1
Project("{2150E333-8FDC-42A3-9474-1A3956D46DE8}") = "Tests", "Tests", "{3680DBE6-FE3F-4885-81D1-19A2F27B10A7}"
EndProject
Project("{2150E333-8FDC-42A3-9474-1A3956D46DE8}") = "Libs", "Libs", "{68548648-1895-4671-A69B-3FC3BCB33450}"
EndProject
Project("{2150E333-8FDC-42A3-9474-1A3956D46DE8}") = "Apis", "Apis", "{EE39C114-0F17-45AA-8FD4-F796AF10059E}"
EndProject
Project("{9A19103F-16F7-4668-BE54-9A1E7A4F7556}") = "Ddd.Domain", "Libs\Ddd.Domain\Ddd.Domain.csproj", "{D38A2709-10E6-4998-8674-AAC9C78B36EA}"
EndProject
Project("{9A19103F-16F7-4668-BE54-9A1E7A4F7556}") = "Ddd.Application", "Libs\Ddd.Application\Ddd.Application.csproj", "{62D6D2C8-AE36-403A-9E8F-F7A8232BD225}"
EndProject
Project("{9A19103F-16F7-4668-BE54-9A1E7A4F7556}") = "Ddd.Infrastructure", "Libs\Ddd.Infrastructure\Ddd.Infrastructure.csproj", "{F1361A9F-3EF3-48BD-9B3B-927469FE820B}"
EndProject
Project("{9A19103F-16F7-4668-BE54-9A1E7A4F7556}") = "Api.Catalog", "Apis\Api.Catalog\Api.Catalog.csproj", "{61B49626-85B8-45D1-BC15-8000E62FA82A}"
EndProject
Project("{9A19103F-16F7-4668-BE54-9A1E7A4F7556}") = "Api.Basket", "Apis\Api.Basket\Api.Basket.csproj", "{57ABF6EF-8CA4-4B59-B4A3-8D60A6F359FB}"
EndProject
Project("{9A19103F-16F7-4668-BE54-9A1E7A4F7556}") = "Pos.Identity", "Apis\Api.Identity\Pos.Identity.csproj", "{D663D293-8EB3-4B56-B976-6DA5DDBC67DC}"
EndProject
Project("{9A19103F-16F7-4668-BE54-9A1E7A4F7556}") = "UnitTests", "Tests\Pos.Application.Tests\UnitTests.csproj", "{E5894BBF-D951-40AB-9BB7-B1E71950BAC3}"
EndProject
Project("{9A19103F-16F7-4668-BE54-9A1E7A4F7556}") = "Api.Basket.FunctionalTests", "Tests\Api.Basket.Test\Api.Basket.FunctionalTests.csproj", "{AAFC77A5-2C33-4965-B62B-3022ED2B3965}"
EndProject
Project("{FAE04EC0-301F-11D3-BF4B-00C04F79EFBC}") = "Api.Catalog.FunctionalTests", "Api.Catalog.FunctionalTests\Api.Catalog.FunctionalTests.csproj", "{4CBDF1B2-229F-4FD1-9914-9FDBCE9A6D14}"
EndProject
Global
	GlobalSection(SolutionConfigurationPlatforms) = preSolution
		Debug|Any CPU = Debug|Any CPU
		Release|Any CPU = Release|Any CPU
	EndGlobalSection
	GlobalSection(ProjectConfigurationPlatforms) = postSolution
		{D38A2709-10E6-4998-8674-AAC9C78B36EA}.Debug|Any CPU.ActiveCfg = Debug|Any CPU
		{D38A2709-10E6-4998-8674-AAC9C78B36EA}.Debug|Any CPU.Build.0 = Debug|Any CPU
		{D38A2709-10E6-4998-8674-AAC9C78B36EA}.Release|Any CPU.ActiveCfg = Release|Any CPU
		{D38A2709-10E6-4998-8674-AAC9C78B36EA}.Release|Any CPU.Build.0 = Release|Any CPU
		{62D6D2C8-AE36-403A-9E8F-F7A8232BD225}.Debug|Any CPU.ActiveCfg = Debug|Any CPU
		{62D6D2C8-AE36-403A-9E8F-F7A8232BD225}.Debug|Any CPU.Build.0 = Debug|Any CPU
		{62D6D2C8-AE36-403A-9E8F-F7A8232BD225}.Release|Any CPU.ActiveCfg = Release|Any CPU
		{62D6D2C8-AE36-403A-9E8F-F7A8232BD225}.Release|Any CPU.Build.0 = Release|Any CPU
		{F1361A9F-3EF3-48BD-9B3B-927469FE820B}.Debug|Any CPU.ActiveCfg = Debug|Any CPU
		{F1361A9F-3EF3-48BD-9B3B-927469FE820B}.Debug|Any CPU.Build.0 = Debug|Any CPU
		{F1361A9F-3EF3-48BD-9B3B-927469FE820B}.Release|Any CPU.ActiveCfg = Release|Any CPU
		{F1361A9F-3EF3-48BD-9B3B-927469FE820B}.Release|Any CPU.Build.0 = Release|Any CPU
		{61B49626-85B8-45D1-BC15-8000E62FA82A}.Debug|Any CPU.ActiveCfg = Debug|Any CPU
		{61B49626-85B8-45D1-BC15-8000E62FA82A}.Debug|Any CPU.Build.0 = Debug|Any CPU
		{61B49626-85B8-45D1-BC15-8000E62FA82A}.Release|Any CPU.ActiveCfg = Release|Any CPU
		{61B49626-85B8-45D1-BC15-8000E62FA82A}.Release|Any CPU.Build.0 = Release|Any CPU
		{57ABF6EF-8CA4-4B59-B4A3-8D60A6F359FB}.Debug|Any CPU.ActiveCfg = Debug|Any CPU
		{57ABF6EF-8CA4-4B59-B4A3-8D60A6F359FB}.Debug|Any CPU.Build.0 = Debug|Any CPU
		{57ABF6EF-8CA4-4B59-B4A3-8D60A6F359FB}.Release|Any CPU.ActiveCfg = Release|Any CPU
		{57ABF6EF-8CA4-4B59-B4A3-8D60A6F359FB}.Release|Any CPU.Build.0 = Release|Any CPU
		{D663D293-8EB3-4B56-B976-6DA5DDBC67DC}.Debug|Any CPU.ActiveCfg = Debug|Any CPU
		{D663D293-8EB3-4B56-B976-6DA5DDBC67DC}.Debug|Any CPU.Build.0 = Debug|Any CPU
		{D663D293-8EB3-4B56-B976-6DA5DDBC67DC}.Release|Any CPU.ActiveCfg = Release|Any CPU
		{D663D293-8EB3-4B56-B976-6DA5DDBC67DC}.Release|Any CPU.Build.0 = Release|Any CPU
		{E5894BBF-D951-40AB-9BB7-B1E71950BAC3}.Debug|Any CPU.ActiveCfg = Debug|Any CPU
		{E5894BBF-D951-40AB-9BB7-B1E71950BAC3}.Debug|Any CPU.Build.0 = Debug|Any CPU
		{E5894BBF-D951-40AB-9BB7-B1E71950BAC3}.Release|Any CPU.ActiveCfg = Release|Any CPU
		{E5894BBF-D951-40AB-9BB7-B1E71950BAC3}.Release|Any CPU.Build.0 = Release|Any CPU
		{AAFC77A5-2C33-4965-B62B-3022ED2B3965}.Debug|Any CPU.ActiveCfg = Debug|Any CPU
		{AAFC77A5-2C33-4965-B62B-3022ED2B3965}.Debug|Any CPU.Build.0 = Debug|Any CPU
		{AAFC77A5-2C33-4965-B62B-3022ED2B3965}.Release|Any CPU.ActiveCfg = Release|Any CPU
		{AAFC77A5-2C33-4965-B62B-3022ED2B3965}.Release|Any CPU.Build.0 = Release|Any CPU
		{4CBDF1B2-229F-4FD1-9914-9FDBCE9A6D14}.Debug|Any CPU.ActiveCfg = Debug|Any CPU
		{4CBDF1B2-229F-4FD1-9914-9FDBCE9A6D14}.Debug|Any CPU.Build.0 = Debug|Any CPU
		{4CBDF1B2-229F-4FD1-9914-9FDBCE9A6D14}.Release|Any CPU.ActiveCfg = Release|Any CPU
		{4CBDF1B2-229F-4FD1-9914-9FDBCE9A6D14}.Release|Any CPU.Build.0 = Release|Any CPU
	EndGlobalSection
	GlobalSection(SolutionProperties) = preSolution
		HideSolutionNode = FALSE
	EndGlobalSection
	GlobalSection(NestedProjects) = preSolution
		{D38A2709-10E6-4998-8674-AAC9C78B36EA} = {68548648-1895-4671-A69B-3FC3BCB33450}
		{62D6D2C8-AE36-403A-9E8F-F7A8232BD225} = {68548648-1895-4671-A69B-3FC3BCB33450}
		{F1361A9F-3EF3-48BD-9B3B-927469FE820B} = {68548648-1895-4671-A69B-3FC3BCB33450}
		{61B49626-85B8-45D1-BC15-8000E62FA82A} = {EE39C114-0F17-45AA-8FD4-F796AF10059E}
		{57ABF6EF-8CA4-4B59-B4A3-8D60A6F359FB} = {EE39C114-0F17-45AA-8FD4-F796AF10059E}
		{D663D293-8EB3-4B56-B976-6DA5DDBC67DC} = {EE39C114-0F17-45AA-8FD4-F796AF10059E}
		{E5894BBF-D951-40AB-9BB7-B1E71950BAC3} = {3680DBE6-FE3F-4885-81D1-19A2F27B10A7}
		{AAFC77A5-2C33-4965-B62B-3022ED2B3965} = {EE39C114-0F17-45AA-8FD4-F796AF10059E}
		{4CBDF1B2-229F-4FD1-9914-9FDBCE9A6D14} = {EE39C114-0F17-45AA-8FD4-F796AF10059E}
	EndGlobalSection
	GlobalSection(ExtensibilityGlobals) = postSolution
		SolutionGuid = {4E9C6099-9AE2-4072-8251-D447766DAE2B}
	EndGlobalSection
EndGlobal
